
Microsoft Visual Studio Solution File, Format Version 12.00
# Visual Studio Version 17
VisualStudioVersion = 17.0.31903.59
MinimumVisualStudioVersion = 10.0.40219.1
Project("{9A19103F-16F7-4668-BE54-9A1E7A4F7556}") = "DevBoard.Domain", "src\DevBoard.Domain\DevBoard.Domain.csproj", "{79046B12-E065-47AE-8CE0-BBFB1163CF7C}"
EndProject
Project("{9A19103F-16F7-4668-BE54-9A1E7A4F7556}") = "DevBoard.API.Tests", "tests\DevBoard.API.Tests\DevBoard.API.Tests.csproj", "{38A106A1-E337-42DD-9C1C-6F14F13B7AC1}"
EndProject
Project("{9A19103F-16F7-4668-BE54-9A1E7A4F7556}") = "DevBoard.Domain.Tests", "tests\DevBoard.Domain.Tests\DevBoard.Domain.Tests.csproj", "{572A39E1-B10F-4B74-9D9C-B905A842B004}"
EndProject
Project("{9A19103F-16F7-4668-BE54-9A1E7A4F7556}") = "DevBoard.API", "src\DevBoard.API\DevBoard.API.csproj", "{83BA67EB-F1C8-483C-9F6B-457122D902A3}"
EndProject
Project("{FAE04EC0-301F-11D3-BF4B-00C04F79EFBC}") = "DevBoard.Infrastructure", "src\DevBoard.Infrastructure\DevBoard.Infrastructure.csproj", "{3173C0FF-DE62-4F78-BBB3-C9726A0793EA}"
EndProject
Project("{FAE04EC0-301F-11D3-BF4B-00C04F79EFBC}") = "DevBoard.Application", "src\DevBoard.Application\DevBoard.Application.csproj", "{60A3A8D7-521F-49AA-9C5D-A3D5394D9828}"
EndProject
Project("{FAE04EC0-301F-11D3-BF4B-00C04F79EFBC}") = "DevBoard.Application.Tests", "tests\DevBoard.Application.Tests\DevBoard.Application.Tests.csproj", "{C9F87F8C-AF46-4DB1-8DAD-761AE563EF08}"
EndProject
Project("{FAE04EC0-301F-11D3-BF4B-00C04F79EFBC}") = "DevBoard.Infrastructure.Tests", "tests\DevBoard.Infrastructure.Tests\DevBoard.Infrastructure.Tests.csproj", "{EE3B6489-9744-4413-888D-0E8DC20E9B18}"
EndProject
Global
	GlobalSection(SolutionConfigurationPlatforms) = preSolution
		Debug|Any CPU = Debug|Any CPU
		Release|Any CPU = Release|Any CPU
	EndGlobalSection
	GlobalSection(ProjectConfigurationPlatforms) = postSolution
		{79046B12-E065-47AE-8CE0-BBFB1163CF7C}.Debug|Any CPU.ActiveCfg = Debug|Any CPU
		{79046B12-E065-47AE-8CE0-BBFB1163CF7C}.Debug|Any CPU.Build.0 = Debug|Any CPU
		{79046B12-E065-47AE-8CE0-BBFB1163CF7C}.Release|Any CPU.ActiveCfg = Release|Any CPU
		{79046B12-E065-47AE-8CE0-BBFB1163CF7C}.Release|Any CPU.Build.0 = Release|Any CPU
		{38A106A1-E337-42DD-9C1C-6F14F13B7AC1}.Debug|Any CPU.ActiveCfg = Debug|Any CPU
		{38A106A1-E337-42DD-9C1C-6F14F13B7AC1}.Debug|Any CPU.Build.0 = Debug|Any CPU
		{38A106A1-E337-42DD-9C1C-6F14F13B7AC1}.Release|Any CPU.ActiveCfg = Release|Any CPU
		{38A106A1-E337-42DD-9C1C-6F14F13B7AC1}.Release|Any CPU.Build.0 = Release|Any CPU
		{572A39E1-B10F-4B74-9D9C-B905A842B004}.Debug|Any CPU.ActiveCfg = Debug|Any CPU
		{572A39E1-B10F-4B74-9D9C-B905A842B004}.Debug|Any CPU.Build.0 = Debug|Any CPU
		{572A39E1-B10F-4B74-9D9C-B905A842B004}.Release|Any CPU.ActiveCfg = Release|Any CPU
		{572A39E1-B10F-4B74-9D9C-B905A842B004}.Release|Any CPU.Build.0 = Release|Any CPU
		{83BA67EB-F1C8-483C-9F6B-457122D902A3}.Debug|Any CPU.ActiveCfg = Debug|Any CPU
		{83BA67EB-F1C8-483C-9F6B-457122D902A3}.Debug|Any CPU.Build.0 = Debug|Any CPU
		{83BA67EB-F1C8-483C-9F6B-457122D902A3}.Release|Any CPU.ActiveCfg = Release|Any CPU
		{83BA67EB-F1C8-483C-9F6B-457122D902A3}.Release|Any CPU.Build.0 = Release|Any CPU
		{3173C0FF-DE62-4F78-BBB3-C9726A0793EA}.Debug|Any CPU.ActiveCfg = Debug|Any CPU
		{3173C0FF-DE62-4F78-BBB3-C9726A0793EA}.Debug|Any CPU.Build.0 = Debug|Any CPU
		{3173C0FF-DE62-4F78-BBB3-C9726A0793EA}.Release|Any CPU.ActiveCfg = Release|Any CPU
		{3173C0FF-DE62-4F78-BBB3-C9726A0793EA}.Release|Any CPU.Build.0 = Release|Any CPU
		{60A3A8D7-521F-49AA-9C5D-A3D5394D9828}.Debug|Any CPU.ActiveCfg = Debug|Any CPU
		{60A3A8D7-521F-49AA-9C5D-A3D5394D9828}.Debug|Any CPU.Build.0 = Debug|Any CPU
		{60A3A8D7-521F-49AA-9C5D-A3D5394D9828}.Release|Any CPU.ActiveCfg = Release|Any CPU
		{60A3A8D7-521F-49AA-9C5D-A3D5394D9828}.Release|Any CPU.Build.0 = Release|Any CPU
		{C9F87F8C-AF46-4DB1-8DAD-761AE563EF08}.Debug|Any CPU.ActiveCfg = Debug|Any CPU
		{C9F87F8C-AF46-4DB1-8DAD-761AE563EF08}.Debug|Any CPU.Build.0 = Debug|Any CPU
		{C9F87F8C-AF46-4DB1-8DAD-761AE563EF08}.Release|Any CPU.ActiveCfg = Release|Any CPU
		{C9F87F8C-AF46-4DB1-8DAD-761AE563EF08}.Release|Any CPU.Build.0 = Release|Any CPU
		{EE3B6489-9744-4413-888D-0E8DC20E9B18}.Debug|Any CPU.ActiveCfg = Debug|Any CPU
		{EE3B6489-9744-4413-888D-0E8DC20E9B18}.Debug|Any CPU.Build.0 = Debug|Any CPU
		{EE3B6489-9744-4413-888D-0E8DC20E9B18}.Release|Any CPU.ActiveCfg = Release|Any CPU
		{EE3B6489-9744-4413-888D-0E8DC20E9B18}.Release|Any CPU.Build.0 = Release|Any CPU
	EndGlobalSection
	GlobalSection(SolutionProperties) = preSolution
		HideSolutionNode = FALSE
	EndGlobalSection
	GlobalSection(ExtensibilityGlobals) = postSolution
		SolutionGuid = {AD38F204-CC2B-4BAD-85B3-27B7A3698A5B}
	EndGlobalSection
EndGlobal
